
Microsoft Visual Studio Solution File, Format Version 12.00
# Visual Studio Version 16
VisualStudioVersion = 16.0.30011.22
MinimumVisualStudioVersion = 10.0.40219.1
Project("{FAE04EC0-301F-11D3-BF4B-00C04F79EFBC}") = "Paradigma Teste 2", "Paradigma Teste 2.csproj", "{EC653D9E-C6C5-4C02-9179-903834600F7E}"
EndProject
Global
	GlobalSection(SolutionConfigurationPlatforms) = preSolution
		Debug|Any CPU = Debug|Any CPU
		Release|Any CPU = Release|Any CPU
	EndGlobalSection
	GlobalSection(ProjectConfigurationPlatforms) = postSolution
		{EC653D9E-C6C5-4C02-9179-903834600F7E}.Debug|Any CPU.ActiveCfg = Debug|Any CPU
		{EC653D9E-C6C5-4C02-9179-903834600F7E}.Debug|Any CPU.Build.0 = Debug|Any CPU
		{EC653D9E-C6C5-4C02-9179-903834600F7E}.Release|Any CPU.ActiveCfg = Release|Any CPU
		{EC653D9E-C6C5-4C02-9179-903834600F7E}.Release|Any CPU.Build.0 = Release|Any CPU
	EndGlobalSection
	GlobalSection(SolutionProperties) = preSolution
		HideSolutionNode = FALSE
	EndGlobalSection
	GlobalSection(ExtensibilityGlobals) = postSolution
		SolutionGuid = {9F4E1F43-145A-442B-BC6E-073A054B8E41}
	EndGlobalSection
EndGlobal
